
Microsoft Visual Studio Solution File, Format Version 12.00
# Visual Studio Version 17
VisualStudioVersion = 17.13.35919.96 d17.13
MinimumVisualStudioVersion = 10.0.40219.1
Project("{FAE04EC0-301F-11D3-BF4B-00C04F79EFBC}") = "WebServerCSharp", "WebServerCSharp.csproj", "{5363250E-4718-4F83-8F6A-C1FB9D9760BE}"
EndProject
Global
	GlobalSection(SolutionConfigurationPlatforms) = preSolution
		Debug|Any CPU = Debug|Any CPU
		Release|Any CPU = Release|Any CPU
	EndGlobalSection
	GlobalSection(ProjectConfigurationPlatforms) = postSolution
		{5363250E-4718-4F83-8F6A-C1FB9D9760BE}.Debug|Any CPU.ActiveCfg = Debug|Any CPU
		{5363250E-4718-4F83-8F6A-C1FB9D9760BE}.Debug|Any CPU.Build.0 = Debug|Any CPU
		{5363250E-4718-4F83-8F6A-C1FB9D9760BE}.Release|Any CPU.ActiveCfg = Release|Any CPU
		{5363250E-4718-4F83-8F6A-C1FB9D9760BE}.Release|Any CPU.Build.0 = Release|Any CPU
	EndGlobalSection
	GlobalSection(SolutionProperties) = preSolution
		HideSolutionNode = FALSE
	EndGlobalSection
	GlobalSection(ExtensibilityGlobals) = postSolution
		SolutionGuid = {C96B5DE6-E5AE-4648-B012-70991643027A}
	EndGlobalSection
EndGlobal
